
Microsoft Visual Studio Solution File, Format Version 12.00
# Visual Studio Version 17
VisualStudioVersion = 17.4.33213.308
MinimumVisualStudioVersion = 10.0.40219.1
Project("{2150E333-8FDC-42A3-9474-1A3956D46DE8}") = "Solution Items", "Solution Items", "{924493CA-D61B-4768-ADEB-5A1FF5A02D26}"
	ProjectSection(SolutionItems) = preProject
		.gitignore = .gitignore
		LICENSE = LICENSE
		README.md = README.md
	EndProjectSection
EndProject
Project("{9A19103F-16F7-4668-BE54-9A1E7A4F7556}") = "Examples.Core", "src\Examples.Core\Examples.Core.csproj", "{64D0C642-947A-41B7-8479-A7990DB1C200}"
EndProject
Project("{2150E333-8FDC-42A3-9474-1A3956D46DE8}") = "src", "src", "{5BB6C241-C15D-4A0E-952F-95AF778D5F73}"
EndProject
Project("{2150E333-8FDC-42A3-9474-1A3956D46DE8}") = "identity", "identity", "{C7E1F31D-C607-4A44-8976-62C638B19019}"
EndProject
Project("{9A19103F-16F7-4668-BE54-9A1E7A4F7556}") = "ValidateTokenExample", "src\ValidateTokenExample\ValidateTokenExample.csproj", "{DAB2F300-BFA2-45AD-8E6B-1F13899C011E}"
EndProject
Project("{2150E333-8FDC-42A3-9474-1A3956D46DE8}") = "rest", "rest", "{96265075-1A50-4461-9F38-D1A5BCECDF77}"
EndProject
Project("{9A19103F-16F7-4668-BE54-9A1E7A4F7556}") = "GetUserInfoExample", "src\GetUserInfoExample\GetUserInfoExample.csproj", "{2864FBE8-DA58-406E-9C44-480EF98C86CE}"
EndProject
Project("{9A19103F-16F7-4668-BE54-9A1E7A4F7556}") = "GetStreamStatusExample", "src\GetStreamStatusExample\GetStreamStatusExample.csproj", "{E03265A1-6937-43C6-9D3C-E03DF5727F19}"
EndProject
Project("{2150E333-8FDC-42A3-9474-1A3956D46DE8}") = "chat", "chat", "{62E2E0EA-D82E-4DF0-A731-257E1665B2A1}"
EndProject
Project("{9A19103F-16F7-4668-BE54-9A1E7A4F7556}") = "ChatConnectionExample", "src\ChatConnectionExample\ChatConnectionExample.csproj", "{DB8D4C8B-FDEE-4D92-A483-65C873552606}"
EndProject
Project("{9A19103F-16F7-4668-BE54-9A1E7A4F7556}") = "ChatSubscriptionEventsExample", "src\ChatSubscriptionEventsExample\ChatSubscriptionEventsExample.csproj", "{7417B981-1D87-41FB-9C01-57C12BBD223E}"
EndProject
Project("{9A19103F-16F7-4668-BE54-9A1E7A4F7556}") = "EchoBotHostedExample", "src\EchoBotHostedExample\EchoBotHostedExample.csproj", "{17A6ADF7-EB4E-4CD5-8D30-0931DAF4A2A3}"
EndProject
Project("{9A19103F-16F7-4668-BE54-9A1E7A4F7556}") = "EchoBotExample", "src\EchoBotExample\EchoBotExample.csproj", "{437BFBD4-1845-4C8F-A701-E30FCF55D4E1}"
EndProject
Project("{2150E333-8FDC-42A3-9474-1A3956D46DE8}") = "eventsub", "eventsub", "{019FFAF8-AF74-4429-AE5E-599DEC281FBF}"
EndProject
Project("{9A19103F-16F7-4668-BE54-9A1E7A4F7556}") = "StreamStatusEventsExample", "src\StreamStatusEventsExample\StreamStatusEventsExample.csproj", "{21F08220-A712-4FA4-9706-9FB5A4777DF8}"
EndProject
Project("{9A19103F-16F7-4668-BE54-9A1E7A4F7556}") = "FollowerEventExample", "src\FollowerEventExample\FollowerEventExample.csproj", "{B291C3B8-8979-4C90-9911-8244C52EA4B1}"
EndProject
Project("{2150E333-8FDC-42A3-9474-1A3956D46DE8}") = "pubsub", "pubsub", "{C7313235-7281-4875-A95B-45974F612B3B}"
EndProject
Global
	GlobalSection(SolutionConfigurationPlatforms) = preSolution
		Debug|Any CPU = Debug|Any CPU
		Release|Any CPU = Release|Any CPU
	EndGlobalSection
	GlobalSection(ProjectConfigurationPlatforms) = postSolution
		{64D0C642-947A-41B7-8479-A7990DB1C200}.Debug|Any CPU.ActiveCfg = Debug|Any CPU
		{64D0C642-947A-41B7-8479-A7990DB1C200}.Debug|Any CPU.Build.0 = Debug|Any CPU
		{64D0C642-947A-41B7-8479-A7990DB1C200}.Release|Any CPU.ActiveCfg = Release|Any CPU
		{64D0C642-947A-41B7-8479-A7990DB1C200}.Release|Any CPU.Build.0 = Release|Any CPU
		{DAB2F300-BFA2-45AD-8E6B-1F13899C011E}.Debug|Any CPU.ActiveCfg = Debug|Any CPU
		{DAB2F300-BFA2-45AD-8E6B-1F13899C011E}.Debug|Any CPU.Build.0 = Debug|Any CPU
		{DAB2F300-BFA2-45AD-8E6B-1F13899C011E}.Release|Any CPU.ActiveCfg = Release|Any CPU
		{DAB2F300-BFA2-45AD-8E6B-1F13899C011E}.Release|Any CPU.Build.0 = Release|Any CPU
		{2864FBE8-DA58-406E-9C44-480EF98C86CE}.Debug|Any CPU.ActiveCfg = Debug|Any CPU
		{2864FBE8-DA58-406E-9C44-480EF98C86CE}.Debug|Any CPU.Build.0 = Debug|Any CPU
		{2864FBE8-DA58-406E-9C44-480EF98C86CE}.Release|Any CPU.ActiveCfg = Release|Any CPU
		{2864FBE8-DA58-406E-9C44-480EF98C86CE}.Release|Any CPU.Build.0 = Release|Any CPU
		{E03265A1-6937-43C6-9D3C-E03DF5727F19}.Debug|Any CPU.ActiveCfg = Debug|Any CPU
		{E03265A1-6937-43C6-9D3C-E03DF5727F19}.Debug|Any CPU.Build.0 = Debug|Any CPU
		{E03265A1-6937-43C6-9D3C-E03DF5727F19}.Release|Any CPU.ActiveCfg = Release|Any CPU
		{E03265A1-6937-43C6-9D3C-E03DF5727F19}.Release|Any CPU.Build.0 = Release|Any CPU
		{DB8D4C8B-FDEE-4D92-A483-65C873552606}.Debug|Any CPU.ActiveCfg = Debug|Any CPU
		{DB8D4C8B-FDEE-4D92-A483-65C873552606}.Debug|Any CPU.Build.0 = Debug|Any CPU
		{DB8D4C8B-FDEE-4D92-A483-65C873552606}.Release|Any CPU.ActiveCfg = Release|Any CPU
		{DB8D4C8B-FDEE-4D92-A483-65C873552606}.Release|Any CPU.Build.0 = Release|Any CPU
		{7417B981-1D87-41FB-9C01-57C12BBD223E}.Debug|Any CPU.ActiveCfg = Debug|Any CPU
		{7417B981-1D87-41FB-9C01-57C12BBD223E}.Debug|Any CPU.Build.0 = Debug|Any CPU
		{7417B981-1D87-41FB-9C01-57C12BBD223E}.Release|Any CPU.ActiveCfg = Release|Any CPU
		{7417B981-1D87-41FB-9C01-57C12BBD223E}.Release|Any CPU.Build.0 = Release|Any CPU
		{17A6ADF7-EB4E-4CD5-8D30-0931DAF4A2A3}.Debug|Any CPU.ActiveCfg = Debug|Any CPU
		{17A6ADF7-EB4E-4CD5-8D30-0931DAF4A2A3}.Debug|Any CPU.Build.0 = Debug|Any CPU
		{17A6ADF7-EB4E-4CD5-8D30-0931DAF4A2A3}.Release|Any CPU.ActiveCfg = Release|Any CPU
		{17A6ADF7-EB4E-4CD5-8D30-0931DAF4A2A3}.Release|Any CPU.Build.0 = Release|Any CPU
		{437BFBD4-1845-4C8F-A701-E30FCF55D4E1}.Debug|Any CPU.ActiveCfg = Debug|Any CPU
		{437BFBD4-1845-4C8F-A701-E30FCF55D4E1}.Debug|Any CPU.Build.0 = Debug|Any CPU
		{437BFBD4-1845-4C8F-A701-E30FCF55D4E1}.Release|Any CPU.ActiveCfg = Release|Any CPU
		{437BFBD4-1845-4C8F-A701-E30FCF55D4E1}.Release|Any CPU.Build.0 = Release|Any CPU
		{21F08220-A712-4FA4-9706-9FB5A4777DF8}.Debug|Any CPU.ActiveCfg = Debug|Any CPU
		{21F08220-A712-4FA4-9706-9FB5A4777DF8}.Debug|Any CPU.Build.0 = Debug|Any CPU
		{21F08220-A712-4FA4-9706-9FB5A4777DF8}.Release|Any CPU.ActiveCfg = Release|Any CPU
		{21F08220-A712-4FA4-9706-9FB5A4777DF8}.Release|Any CPU.Build.0 = Release|Any CPU
		{B291C3B8-8979-4C90-9911-8244C52EA4B1}.Debug|Any CPU.ActiveCfg = Debug|Any CPU
		{B291C3B8-8979-4C90-9911-8244C52EA4B1}.Debug|Any CPU.Build.0 = Debug|Any CPU
		{B291C3B8-8979-4C90-9911-8244C52EA4B1}.Release|Any CPU.ActiveCfg = Release|Any CPU
		{B291C3B8-8979-4C90-9911-8244C52EA4B1}.Release|Any CPU.Build.0 = Release|Any CPU
	EndGlobalSection
	GlobalSection(SolutionProperties) = preSolution
		HideSolutionNode = FALSE
	EndGlobalSection
	GlobalSection(NestedProjects) = preSolution
		{64D0C642-947A-41B7-8479-A7990DB1C200} = {5BB6C241-C15D-4A0E-952F-95AF778D5F73}
		{C7E1F31D-C607-4A44-8976-62C638B19019} = {5BB6C241-C15D-4A0E-952F-95AF778D5F73}
		{DAB2F300-BFA2-45AD-8E6B-1F13899C011E} = {C7E1F31D-C607-4A44-8976-62C638B19019}
		{96265075-1A50-4461-9F38-D1A5BCECDF77} = {5BB6C241-C15D-4A0E-952F-95AF778D5F73}
		{2864FBE8-DA58-406E-9C44-480EF98C86CE} = {96265075-1A50-4461-9F38-D1A5BCECDF77}
		{E03265A1-6937-43C6-9D3C-E03DF5727F19} = {96265075-1A50-4461-9F38-D1A5BCECDF77}
		{62E2E0EA-D82E-4DF0-A731-257E1665B2A1} = {5BB6C241-C15D-4A0E-952F-95AF778D5F73}
		{DB8D4C8B-FDEE-4D92-A483-65C873552606} = {62E2E0EA-D82E-4DF0-A731-257E1665B2A1}
		{7417B981-1D87-41FB-9C01-57C12BBD223E} = {62E2E0EA-D82E-4DF0-A731-257E1665B2A1}
		{17A6ADF7-EB4E-4CD5-8D30-0931DAF4A2A3} = {62E2E0EA-D82E-4DF0-A731-257E1665B2A1}
		{437BFBD4-1845-4C8F-A701-E30FCF55D4E1} = {62E2E0EA-D82E-4DF0-A731-257E1665B2A1}
		{019FFAF8-AF74-4429-AE5E-599DEC281FBF} = {5BB6C241-C15D-4A0E-952F-95AF778D5F73}
		{21F08220-A712-4FA4-9706-9FB5A4777DF8} = {019FFAF8-AF74-4429-AE5E-599DEC281FBF}
		{B291C3B8-8979-4C90-9911-8244C52EA4B1} = {019FFAF8-AF74-4429-AE5E-599DEC281FBF}
		{C7313235-7281-4875-A95B-45974F612B3B} = {5BB6C241-C15D-4A0E-952F-95AF778D5F73}
	EndGlobalSection
	GlobalSection(ExtensibilityGlobals) = postSolution
		SolutionGuid = {A450F7EC-67D9-456E-9A41-BBE17259D529}
	EndGlobalSection
EndGlobal
